{
  "name": "@intropia-io/prisma-schema",
  "version": "1.0.5",
  "lockfileVersion": 2,
  "requires": true,
  "packages": {
    "": {
      "name": "@intropia-io/prisma-schema",
      "version": "1.0.5",
      "license": "MIT",
      "dependencies": {
        "@types/node": "^18.8.4",
        "prisma": "^4.5.0"
      }
    },
    "node_modules/@prisma/engines": {
      "version": "4.5.0",
      "hasInstallScript": true,
      "license": "Apache-2.0"
    },
    "node_modules/@types/node": {
      "version": "18.8.4",
      "license": "MIT"
    },
    "node_modules/prisma": {
      "version": "4.5.0",
      "hasInstallScript": true,
      "license": "Apache-2.0",
      "dependencies": {
        "@prisma/engines": "4.5.0"
      },
      "bin": {
        "prisma": "build/index.js",
        "prisma2": "build/index.js"
      },
      "engines": {
        "node": ">=14.17"
      }
    }
  },
  "dependencies": {
    "@prisma/engines": {
      "version": "4.5.0"
    },
    "@types/node": {
      "version": "18.8.4"
    },
    "prisma": {
      "version": "4.5.0",
      "requires": {
        "@prisma/engines": "4.5.0"
      }
    }
  }
}
